{"1.2.0",
[{<<"jsx">>,{pkg,<<"jsx">>,<<"3.1.0">>},0},
 {<<"quickrand">>,{pkg,<<"quickrand">>,<<"2.0.5">>},1},
 {<<"uuid">>,{pkg,<<"uuid_erl">>,<<"2.0.5">>},0}]}.
[
{pkg_hash,[
 {<<"jsx">>, <<"D12516BAA0BB23A59BB35DCCAF02A1BD08243FCBB9EFE24F2D9D056CCFF71268">>},
 {<<"quickrand">>, <<"06FCAD85CB47D5C85C51D6BC9C84A082501BA098A89D64AD0A2F69599E034C04">>},
 {<<"uuid">>, <<"60FAEEB7EDFD40847ED13CB0DD1044BAABE4E79A00C0CA9C4D13A073914B1016">>}]},
{pkg_hash_ext,[
 {<<"jsx">>, <<"0C5CC8FDC11B53CC25CF65AC6705AD39E54ECC56D1C22E4ADB8F5A53FB9427F3">>},
 {<<"quickrand">>, <<"252CF0493570EBF1A58985CB71990982CDDCD4396B6427F1E10CF58924C1C052">>},
 {<<"uuid">>, <<"E54373262CA88401689277947C54B95E9ECBC977BD5C57C9DD44AD9DA278E360">>}]}
].
